// !$*UTF8*$!
{
	archiveVersion = 1;
	classes = {
	};
	objectVersion = 46;
	objects = {

/* Begin PBXBuildFile section */
		C832F6391E894CD10089BD9F /* AppDelegate.swift in Sources */ = {isa = PBXBuildFile; fileRef = C832F6381E894CD10089BD9F /* AppDelegate.swift */; };
		C832F63B1E894CD10089BD9F /* ViewController.swift in Sources */ = {isa = PBXBuildFile; fileRef = C832F63A1E894CD10089BD9F /* ViewController.swift */; };
		C832F63E1E894CD10089BD9F /* Main.storyboard in Resources */ = {isa = PBXBuildFile; fileRef = C832F63C1E894CD10089BD9F /* Main.storyboard */; };
		C832F6401E894CD10089BD9F /* Assets.xcassets in Resources */ = {isa = PBXBuildFile; fileRef = C832F63F1E894CD10089BD9F /* Assets.xcassets */; };
		C832F6431E894CD10089BD9F /* LaunchScreen.storyboard in Resources */ = {isa = PBXBuildFile; fileRef = C832F6411E894CD10089BD9F /* LaunchScreen.storyboard */; };
		C832F64C1E894CF60089BD9F /* ToDoItems.swift in Sources */ = {isa = PBXBuildFile; fileRef = C832F64B1E894CF60089BD9F /* ToDoItems.swift */; };
		C8464A2F1E8C8D0600274724 /* FriendsList.swift in Sources */ = {isa = PBXBuildFile; fileRef = C8464A2E1E8C8D0600274724 /* FriendsList.swift */; };
		C8464A311E8C8DC000274724 /* FriendsListViewController.swift in Sources */ = {isa = PBXBuildFile; fileRef = C8464A301E8C8DC000274724 /* FriendsListViewController.swift */; };
/* End PBXBuildFile section */

/* Begin PBXFileReference section */
		C832F6351E894CD10089BD9F /* ToDoList.app */ = {isa = PBXFileReference; explicitFileType = wrapper.application; includeInIndex = 0; path = ToDoList.app; sourceTree = BUILT_PRODUCTS_DIR; };
		C832F6381E894CD10089BD9F /* AppDelegate.swift */ = {isa = PBXFileReference; lastKnownFileType = sourcecode.swift; path = AppDelegate.swift; sourceTree = "<group>"; };
		C832F63A1E894CD10089BD9F /* ViewController.swift */ = {isa = PBXFileReference; lastKnownFileType = sourcecode.swift; path = ViewController.swift; sourceTree = "<group>"; };
		C832F63D1E894CD10089BD9F /* Base */ = {isa = PBXFileReference; lastKnownFileType = file.storyboard; name = Base; path = Base.lproj/Main.storyboard; sourceTree = "<group>"; };
		C832F63F1E894CD10089BD9F /* Assets.xcassets */ = {isa = PBXFileReference; lastKnownFileType = folder.assetcatalog; path = Assets.xcassets; sourceTree = "<group>"; };
		C832F6421E894CD10089BD9F /* Base */ = {isa = PBXFileReference; lastKnownFileType = file.storyboard; name = Base; path = Base.lproj/LaunchScreen.storyboard; sourceTree = "<group>"; };
		C832F6441E894CD10089BD9F /* Info.plist */ = {isa = PBXFileReference; lastKnownFileType = text.plist.xml; path = Info.plist; sourceTree = "<group>"; };
		C832F64B1E894CF60089BD9F /* ToDoItems.swift */ = {isa = PBXFileReference; fileEncoding = 4; lastKnownFileType = sourcecode.swift; name = ToDoItems.swift; path = Model/ToDoItems.swift; sourceTree = "<group>"; };
		C8464A2E1E8C8D0600274724 /* FriendsList.swift */ = {isa = PBXFileReference; fileEncoding = 4; lastKnownFileType = sourcecode.swift; name = FriendsList.swift; path = Model/FriendsList.swift; sourceTree = "<group>"; };
		C8464A301E8C8DC000274724 /* FriendsListViewController.swift */ = {isa = PBXFileReference; fileEncoding = 4; lastKnownFileType = sourcecode.swift; path = FriendsListViewController.swift; sourceTree = "<group>"; };
/* End PBXFileReference section */

/* Begin PBXFrameworksBuildPhase section */
		C832F6321E894CD10089BD9F /* Frameworks */ = {
			isa = PBXFrameworksBuildPhase;
			buildActionMask = 2147483647;
			files = (
			);
			runOnlyForDeploymentPostprocessing = 0;
		};
/* End PBXFrameworksBuildPhase section */

/* Begin PBXGroup section */
		C832F62C1E894CD10089BD9F = {
			isa = PBXGroup;
			children = (
				C832F6371E894CD10089BD9F /* ToDoList */,
				C832F6361E894CD10089BD9F /* Products */,
			);
			sourceTree = "<group>";
		};
		C832F6361E894CD10089BD9F /* Products */ = {
			isa = PBXGroup;
			children = (
				C832F6351E894CD10089BD9F /* ToDoList.app */,
			);
			name = Products;
			sourceTree = "<group>";
		};
		C832F6371E894CD10089BD9F /* ToDoList */ = {
			isa = PBXGroup;
			children = (
				C832F64A1E894CD90089BD9F /* Model */,
				C832F6381E894CD10089BD9F /* AppDelegate.swift */,
				C832F63A1E894CD10089BD9F /* ViewController.swift */,
				C8464A301E8C8DC000274724 /* FriendsListViewController.swift */,
				C832F63C1E894CD10089BD9F /* Main.storyboard */,
				C832F63F1E894CD10089BD9F /* Assets.xcassets */,
				C832F6411E894CD10089BD9F /* LaunchScreen.storyboard */,
				C832F6441E894CD10089BD9F /* Info.plist */,
			);
			path = ToDoList;
			sourceTree = "<group>";
		};
		C832F64A1E894CD90089BD9F /* Model */ = {
			isa = PBXGroup;
			children = (
				C832F64B1E894CF60089BD9F /* ToDoItems.swift */,
				C8464A2E1E8C8D0600274724 /* FriendsList.swift */,
			);
			name = Model;
			sourceTree = "<group>";
		};
/* End PBXGroup section */

/* Begin PBXNativeTarget section */
		C832F6341E894CD10089BD9F /* ToDoList */ = {
			isa = PBXNativeTarget;
			buildConfigurationList = C832F6471E894CD10089BD9F /* Build configuration list for PBXNativeTarget "ToDoList" */;
			buildPhases = (
				C832F6311E894CD10089BD9F /* Sources */,
				C832F6321E894CD10089BD9F /* Frameworks */,
				C832F6331E894CD10089BD9F /* Resources */,
			);
			buildRules = (
			);
			dependencies = (
			);
			name = ToDoList;
			productName = ToDoList;
			productReference = C832F6351E894CD10089BD9F /* ToDoList.app */;
			productType = "com.apple.product-type.application";
		};
/* End PBXNativeTarget section */

/* Begin PBXProject section */
		C832F62D1E894CD10089BD9F /* Project object */ = {
			isa = PBXProject;
			attributes = {
				LastSwiftUpdateCheck = 0800;
				LastUpgradeCheck = 0800;
				ORGANIZATIONNAME = "Shaik Ghouse Basha";
				TargetAttributes = {
					C832F6341E894CD10089BD9F = {
						CreatedOnToolsVersion = 8.0;
						ProvisioningStyle = Automatic;
					};
				};
			};
			buildConfigurationList = C832F6301E894CD10089BD9F /* Build configuration list for PBXProject "ToDoList" */;
			compatibilityVersion = "Xcode 3.2";
			developmentRegion = English;
			hasScannedForEncodings = 0;
			knownRegions = (
				en,
				Base,
			);
			mainGroup = C832F62C1E894CD10089BD9F;
			productRefGroup = C832F6361E894CD10089BD9F /* Products */;
			projectDirPath = "";
			projectRoot = "";
			targets = (
				C832F6341E894CD10089BD9F /* ToDoList */,
			);
		};
/* End PBXProject section */

/* Begin PBXResourcesBuildPhase section */
		C832F6331E894CD10089BD9F /* Resources */ = {
			isa = PBXResourcesBuildPhase;
			buildActionMask = 2147483647;
			files = (
				C832F6431E894CD10089BD9F /* LaunchScreen.storyboard in Resources */,
				C832F6401E894CD10089BD9F /* Assets.xcassets in Resources */,
				C832F63E1E894CD10089BD9F /* Main.storyboard in Resources */,
			);
			runOnlyForDeploymentPostprocessing = 0;
		};
/* End PBXResourcesBuildPhase section */

/* Begin PBXSourcesBuildPhase section */
		C832F6311E894CD10089BD9F /* Sources */ = {
			isa = PBXSourcesBuildPhase;
			buildActionMask = 2147483647;
			files = (
				C832F63B1E894CD10089BD9F /* ViewController.swift in Sources */,
				C832F6391E894CD10089BD9F /* AppDelegate.swift in Sources */,
				C8464A311E8C8DC000274724 /* FriendsListViewController.swift in Sources */,
				C832F64C1E894CF60089BD9F /* ToDoItems.swift in Sources */,
				C8464A2F1E8C8D0600274724 /* FriendsList.swift in Sources */,
			);
			runOnlyForDeploymentPostprocessing = 0;
		};
/* End PBXSourcesBuildPhase section */

/* Begin PBXVariantGroup section */
		C832F63C1E894CD10089BD9F /* Main.storyboard */ = {
			isa = PBXVariantGroup;
			children = (
				C832F63D1E894CD10089BD9F /* Base */,
			);
			name = Main.storyboard;
			sourceTree = "<group>";
		};
		C832F6411E894CD10089BD9F /* LaunchScreen.storyboard */ = {
			isa = PBXVariantGroup;
			children = (
				C832F6421E894CD10089BD9F /* Base */,
			);
			name = LaunchScreen.storyboard;
			sourceTree = "<group>";
		};
/* End PBXVariantGroup section */

/* Begin XCBuildConfiguration section */
		C832F6451E894CD10089BD9F /* Debug */ = {
			isa = XCBuildConfiguration;
			buildSettings = {
				ALWAYS_SEARCH_USER_PATHS = NO;
				CLANG_ANALYZER_NONNULL = YES;
				CLANG_CXX_LANGUAGE_STANDARD = "gnu++0x";
				CLANG_CXX_LIBRARY = "libc++";
				CLANG_ENABLE_MODULES = YES;
				CLANG_ENABLE_OBJC_ARC = YES;
				CLANG_WARN_BOOL_CONVERSION = YES;
				CLANG_WARN_CONSTANT_CONVERSION = YES;
				CLANG_WARN_DIRECT_OBJC_ISA_USAGE = YES_ERROR;
				CLANG_WARN_DOCUMENTATION_COMMENTS = YES;
				CLANG_WARN_EMPTY_BODY = YES;
				CLANG_WARN_ENUM_CONVERSION = YES;
				CLANG_WARN_INFINITE_RECURSION = YES;
				CLANG_WARN_INT_CONVERSION = YES;
				CLANG_WARN_OBJC_ROOT_CLASS = YES_ERROR;
				CLANG_WARN_SUSPICIOUS_MOVES = YES;
				CLANG_WARN_UNREACHABLE_CODE = YES;
				CLANG_WARN__DUPLICATE_METHOD_MATCH = YES;
				"CODE_SIGN_IDENTITY[sdk=iphoneos*]" = "iPhone Developer";
				COPY_PHASE_STRIP = NO;
				DEBUG_INFORMATION_FORMAT = dwarf;
				ENABLE_STRICT_OBJC_MSGSEND = YES;
				ENABLE_TESTABILITY = YES;
				GCC_C_LANGUAGE_STANDARD = gnu99;
				GCC_DYNAMIC_NO_PIC = NO;
				GCC_NO_COMMON_BLOCKS = YES;
				GCC_OPTIMIZATION_LEVEL = 0;
				GCC_PREPROCESSOR_DEFINITIONS = (
					"DEBUG=1",
					"$(inherited)",
				);
				GCC_WARN_64_TO_32_BIT_CONVERSION = YES;
				GCC_WARN_ABOUT_RETURN_TYPE = YES_ERROR;
				GCC_WARN_UNDECLARED_SELECTOR = YES;
				GCC_WARN_UNINITIALIZED_AUTOS = YES_AGGRESSIVE;
				GCC_WARN_UNUSED_FUNCTION = YES;
				GCC_WARN_UNUSED_VARIABLE = YES;
				IPHONEOS_DEPLOYMENT_TARGET = 10.0;
				MTL_ENABLE_DEBUG_INFO = YES;
				ONLY_ACTIVE_ARCH = YES;
				SDKROOT = iphoneos;
				SWIFT_ACTIVE_COMPILATION_CONDITIONS = DEBUG;
				SWIFT_OPTIMIZATION_LEVEL = "-Onone";
			};
			name = Debug;
		};
		C832F6461E894CD10089BD9F /* Release */ = {
			isa = XCBuildConfiguration;
			buildSettings = {
				ALWAYS_SEARCH_USER_PATHS = NO;
				CLANG_ANALYZER_NONNULL = YES;
				CLANG_CXX_LANGUAGE_STANDARD = "gnu++0x";
				CLANG_CXX_LIBRARY = "libc++";
				CLANG_ENABLE_MODULES = YES;
				CLANG_ENABLE_OBJC_ARC = YES;
				CLANG_WARN_BOOL_CONVERSION = YES;
				CLANG_WARN_CONSTANT_CONVERSION = YES;
				CLANG_WARN_DIRECT_OBJC_ISA_USAGE = YES_ERROR;
				CLANG_WARN_DOCUMENTATION_COMMENTS = YES;
				CLANG_WARN_EMPTY_BODY = YES;
				CLANG_WARN_ENUM_CONVERSION = YES;
				CLANG_WARN_INFINITE_RECURSION = YES;
				CLANG_WARN_INT_CONVERSION = YES;
				CLANG_WARN_OBJC_ROOT_CLASS = YES_ERROR;
				CLANG_WARN_SUSPICIOUS_MOVES = YES;
				CLANG_WARN_UNREACHABLE_CODE = YES;
				CLANG_WARN__DUPLICATE_METHOD_MATCH = YES;
				"CODE_SIGN_IDENTITY[sdk=iphoneos*]" = "iPhone Developer";
				COPY_PHASE_STRIP = NO;
				DEBUG_INFORMATION_FORMAT = "dwarf-with-dsym";
				ENABLE_NS_ASSERTIONS = NO;
				ENABLE_STRICT_OBJC_MSGSEND = YES;
				GCC_C_LANGUAGE_STANDARD = gnu99;
				GCC_NO_COMMON_BLOCKS = YES;
				GCC_WARN_64_TO_32_BIT_CONVERSION = YES;
				GCC_WARN_ABOUT_RETURN_TYPE = YES_ERROR;
				GCC_WARN_UNDECLARED_SELECTOR = YES;
				GCC_WARN_UNINITIALIZED_AUTOS = YES_AGGRESSIVE;
				GCC_WARN_UNUSED_FUNCTION = YES;
				GCC_WARN_UNUSED_VARIABLE = YES;
				IPHONEOS_DEPLOYMENT_TARGET = 10.0;
				MTL_ENABLE_DEBUG_INFO = NO;
				SDKROOT = iphoneos;
				SWIFT_OPTIMIZATION_LEVEL = "-Owholemodule";
				VALIDATE_PRODUCT = YES;
			};
			name = Release;
		};
		C832F6481E894CD10089BD9F /* Debug */ = {
			isa = XCBuildConfiguration;
			buildSettings = {
				ASSETCATALOG_COMPILER_APPICON_NAME = AppIcon;
				INFOPLIST_FILE = ToDoList/Info.plist;
				LD_RUNPATH_SEARCH_PATHS = "$(inherited) @executable_path/Frameworks";
				PRODUCT_BUNDLE_IDENTIFIER = com.savvymob.ToDoList;
				PRODUCT_NAME = "$(TARGET_NAME)";
				SWIFT_VERSION = 3.0;
			};
			name = Debug;
		};
		C832F6491E894CD10089BD9F /* Release */ = {
			isa = XCBuildConfiguration;
			buildSettings = {
				ASSETCATALOG_COMPILER_APPICON_NAME = AppIcon;
				INFOPLIST_FILE = ToDoList/Info.plist;
				LD_RUNPATH_SEARCH_PATHS = "$(inherited) @executable_path/Frameworks";
				PRODUCT_BUNDLE_IDENTIFIER = com.savvymob.ToDoList;
				PRODUCT_NAME = "$(TARGET_NAME)";
				SWIFT_VERSION = 3.0;
			};
			name = Release;
		};
/* End XCBuildConfiguration section */

/* Begin XCConfigurationList section */
		C832F6301E894CD10089BD9F /* Build configuration list for PBXProject "ToDoList" */ = {
			isa = XCConfigurationList;
			buildConfigurations = (
				C832F6451E894CD10089BD9F /* Debug */,
				C832F6461E894CD10089BD9F /* Release */,
			);
			defaultConfigurationIsVisible = 0;
			defaultConfigurationName = Release;
		};
		C832F6471E894CD10089BD9F /* Build configuration list for PBXNativeTarget "ToDoList" */ = {
			isa = XCConfigurationList;
			buildConfigurations = (
				C832F6481E894CD10089BD9F /* Debug */,
				C832F6491E894CD10089BD9F /* Release */,
			);
			defaultConfigurationIsVisible = 0;
			defaultConfigurationName = Release;
		};
/* End XCConfigurationList section */
	};
	rootObject = C832F62D1E894CD10089BD9F /* Project object */;
}
